
Microsoft Visual Studio Solution File, Format Version 12.00
# Visual Studio 15
VisualStudioVersion = 15.0.27703.2047
MinimumVisualStudioVersion = 10.0.40219.1
Project("{FAE04EC0-301F-11D3-BF4B-00C04F79EFBC}") = "The.Pantry", "The.Pantry\The.Pantry.csproj", "{2462BB9C-081E-46AF-8949-4A98BDEEF0FB}"
EndProject
Global
	GlobalSection(SolutionConfigurationPlatforms) = preSolution
		Debug|Any CPU = Debug|Any CPU
		Release|Any CPU = Release|Any CPU
	EndGlobalSection
	GlobalSection(ProjectConfigurationPlatforms) = postSolution
		{2462BB9C-081E-46AF-8949-4A98BDEEF0FB}.Debug|Any CPU.ActiveCfg = Debug|Any CPU
		{2462BB9C-081E-46AF-8949-4A98BDEEF0FB}.Debug|Any CPU.Build.0 = Debug|Any CPU
		{2462BB9C-081E-46AF-8949-4A98BDEEF0FB}.Release|Any CPU.ActiveCfg = Release|Any CPU
		{2462BB9C-081E-46AF-8949-4A98BDEEF0FB}.Release|Any CPU.Build.0 = Release|Any CPU
	EndGlobalSection
	GlobalSection(SolutionProperties) = preSolution
		HideSolutionNode = FALSE
	EndGlobalSection
	GlobalSection(ExtensibilityGlobals) = postSolution
		SolutionGuid = {05C10AB0-B2C0-4EA6-B519-AC02B26CB6CE}
	EndGlobalSection
EndGlobal
